
Microsoft Visual Studio Solution File, Format Version 12.00
# Visual Studio 14
VisualStudioVersion = 14.0.25420.1
MinimumVisualStudioVersion = 10.0.40219.1
Project("{FAE04EC0-301F-11D3-BF4B-00C04F79EFBC}") = "Maximiser", "Maximiser\Maximiser.csproj", "{B86E24B2-C205-4DEC-B15D-DAAE6989CE14}"
EndProject
Project("{FAE04EC0-301F-11D3-BF4B-00C04F79EFBC}") = "Maximiser.Tests", "Maximiser.Tests\Maximiser.Tests.csproj", "{1F955300-F6F4-4684-96E7-2035AB13E413}"
EndProject
Project("{FAE04EC0-301F-11D3-BF4B-00C04F79EFBC}") = "CustomType", "CustomType\CustomType.csproj", "{344C1F13-3E33-4B9D-953E-52F488C374ED}"
EndProject
Project("{FAE04EC0-301F-11D3-BF4B-00C04F79EFBC}") = "CustomType.Tests", "CustomType.Tests\CustomType.Tests.csproj", "{03B4C4F7-0734-4F6D-BA1F-A3E74816C814}"
EndProject
Project("{FAE04EC0-301F-11D3-BF4B-00C04F79EFBC}") = "PositiveNegative", "PositiveNegative\PositiveNegative.csproj", "{3D2957F1-95EA-429B-95DF-4947E4ABFE49}"
EndProject
Project("{FAE04EC0-301F-11D3-BF4B-00C04F79EFBC}") = "PositiveNegative.Tests", "PositiveNegative.Tests\PositiveNegative.Tests.csproj", "{8A0F82C7-4FF4-4B31-A4D7-DE3ED919B52B}"
EndProject
Global
	GlobalSection(SolutionConfigurationPlatforms) = preSolution
		Debug|Any CPU = Debug|Any CPU
		Release|Any CPU = Release|Any CPU
	EndGlobalSection
	GlobalSection(ProjectConfigurationPlatforms) = postSolution
		{B86E24B2-C205-4DEC-B15D-DAAE6989CE14}.Debug|Any CPU.ActiveCfg = Debug|Any CPU
		{B86E24B2-C205-4DEC-B15D-DAAE6989CE14}.Debug|Any CPU.Build.0 = Debug|Any CPU
		{B86E24B2-C205-4DEC-B15D-DAAE6989CE14}.Release|Any CPU.ActiveCfg = Release|Any CPU
		{B86E24B2-C205-4DEC-B15D-DAAE6989CE14}.Release|Any CPU.Build.0 = Release|Any CPU
		{1F955300-F6F4-4684-96E7-2035AB13E413}.Debug|Any CPU.ActiveCfg = Debug|Any CPU
		{1F955300-F6F4-4684-96E7-2035AB13E413}.Debug|Any CPU.Build.0 = Debug|Any CPU
		{1F955300-F6F4-4684-96E7-2035AB13E413}.Release|Any CPU.ActiveCfg = Release|Any CPU
		{1F955300-F6F4-4684-96E7-2035AB13E413}.Release|Any CPU.Build.0 = Release|Any CPU
		{344C1F13-3E33-4B9D-953E-52F488C374ED}.Debug|Any CPU.ActiveCfg = Debug|Any CPU
		{344C1F13-3E33-4B9D-953E-52F488C374ED}.Debug|Any CPU.Build.0 = Debug|Any CPU
		{344C1F13-3E33-4B9D-953E-52F488C374ED}.Release|Any CPU.ActiveCfg = Release|Any CPU
		{344C1F13-3E33-4B9D-953E-52F488C374ED}.Release|Any CPU.Build.0 = Release|Any CPU
		{03B4C4F7-0734-4F6D-BA1F-A3E74816C814}.Debug|Any CPU.ActiveCfg = Debug|Any CPU
		{03B4C4F7-0734-4F6D-BA1F-A3E74816C814}.Debug|Any CPU.Build.0 = Debug|Any CPU
		{03B4C4F7-0734-4F6D-BA1F-A3E74816C814}.Release|Any CPU.ActiveCfg = Release|Any CPU
		{03B4C4F7-0734-4F6D-BA1F-A3E74816C814}.Release|Any CPU.Build.0 = Release|Any CPU
		{3D2957F1-95EA-429B-95DF-4947E4ABFE49}.Debug|Any CPU.ActiveCfg = Debug|Any CPU
		{3D2957F1-95EA-429B-95DF-4947E4ABFE49}.Debug|Any CPU.Build.0 = Debug|Any CPU
		{3D2957F1-95EA-429B-95DF-4947E4ABFE49}.Release|Any CPU.ActiveCfg = Release|Any CPU
		{3D2957F1-95EA-429B-95DF-4947E4ABFE49}.Release|Any CPU.Build.0 = Release|Any CPU
		{8A0F82C7-4FF4-4B31-A4D7-DE3ED919B52B}.Debug|Any CPU.ActiveCfg = Debug|Any CPU
		{8A0F82C7-4FF4-4B31-A4D7-DE3ED919B52B}.Debug|Any CPU.Build.0 = Debug|Any CPU
		{8A0F82C7-4FF4-4B31-A4D7-DE3ED919B52B}.Release|Any CPU.ActiveCfg = Release|Any CPU
		{8A0F82C7-4FF4-4B31-A4D7-DE3ED919B52B}.Release|Any CPU.Build.0 = Release|Any CPU
	EndGlobalSection
	GlobalSection(SolutionProperties) = preSolution
		HideSolutionNode = FALSE
	EndGlobalSection
EndGlobal
